
Microsoft Visual Studio Solution File, Format Version 12.00
# Visual Studio Version 16
VisualStudioVersion = 16.0.30523.141
MinimumVisualStudioVersion = 10.0.40219.1
Project("{FAE04EC0-301F-11D3-BF4B-00C04F79EFBC}") = "InlämningAdressList", "InlämningAdressList.csproj", "{C0F3151A-950A-436C-BB57-BCE378B52DEE}"
EndProject
Global
	GlobalSection(SolutionConfigurationPlatforms) = preSolution
		Debug|Any CPU = Debug|Any CPU
		Release|Any CPU = Release|Any CPU
	EndGlobalSection
	GlobalSection(ProjectConfigurationPlatforms) = postSolution
		{C0F3151A-950A-436C-BB57-BCE378B52DEE}.Debug|Any CPU.ActiveCfg = Debug|Any CPU
		{C0F3151A-950A-436C-BB57-BCE378B52DEE}.Debug|Any CPU.Build.0 = Debug|Any CPU
		{C0F3151A-950A-436C-BB57-BCE378B52DEE}.Release|Any CPU.ActiveCfg = Release|Any CPU
		{C0F3151A-950A-436C-BB57-BCE378B52DEE}.Release|Any CPU.Build.0 = Release|Any CPU
	EndGlobalSection
	GlobalSection(SolutionProperties) = preSolution
		HideSolutionNode = FALSE
	EndGlobalSection
	GlobalSection(ExtensibilityGlobals) = postSolution
		SolutionGuid = {2EE661AF-AB33-4B6F-A769-E834CDFCB161}
	EndGlobalSection
EndGlobal
